
Microsoft Visual Studio Solution File, Format Version 12.00
# Visual Studio Version 16
VisualStudioVersion = 16.0.29926.136
MinimumVisualStudioVersion = 15.0.26124.0
Project("{FAE04EC0-301F-11D3-BF4B-00C04F79EFBC}") = "CCC.CAS.Workflow4Api", "CCC.CAS.Workflow4Api\CCC.CAS.Workflow4Api.csproj", "{AADB9411-B9F6-47EA-8984-5CA2F030C106}"
EndProject
Global
	GlobalSection(SolutionConfigurationPlatforms) = preSolution
		Debug|Any CPU = Debug|Any CPU
		Debug|x64 = Debug|x64
		Debug|x86 = Debug|x86
		Release|Any CPU = Release|Any CPU
		Release|x64 = Release|x64
		Release|x86 = Release|x86
	EndGlobalSection
	GlobalSection(ProjectConfigurationPlatforms) = postSolution
		{AADB9411-B9F6-47EA-8984-5CA2F030C106}.Debug|Any CPU.ActiveCfg = Debug|Any CPU
		{AADB9411-B9F6-47EA-8984-5CA2F030C106}.Debug|Any CPU.Build.0 = Debug|Any CPU
		{AADB9411-B9F6-47EA-8984-5CA2F030C106}.Debug|x64.ActiveCfg = Debug|Any CPU
		{AADB9411-B9F6-47EA-8984-5CA2F030C106}.Debug|x64.Build.0 = Debug|Any CPU
		{AADB9411-B9F6-47EA-8984-5CA2F030C106}.Debug|x86.ActiveCfg = Debug|Any CPU
		{AADB9411-B9F6-47EA-8984-5CA2F030C106}.Debug|x86.Build.0 = Debug|Any CPU
		{AADB9411-B9F6-47EA-8984-5CA2F030C106}.Release|Any CPU.ActiveCfg = Release|Any CPU
		{AADB9411-B9F6-47EA-8984-5CA2F030C106}.Release|Any CPU.Build.0 = Release|Any CPU
		{AADB9411-B9F6-47EA-8984-5CA2F030C106}.Release|x64.ActiveCfg = Release|Any CPU
		{AADB9411-B9F6-47EA-8984-5CA2F030C106}.Release|x64.Build.0 = Release|Any CPU
		{AADB9411-B9F6-47EA-8984-5CA2F030C106}.Release|x86.ActiveCfg = Release|Any CPU
		{AADB9411-B9F6-47EA-8984-5CA2F030C106}.Release|x86.Build.0 = Release|Any CPU
	EndGlobalSection
	GlobalSection(SolutionProperties) = preSolution
		HideSolutionNode = FALSE
	EndGlobalSection
	GlobalSection(ExtensibilityGlobals) = postSolution
		SolutionGuid = {37D4A26F-46CF-427A-B042-33DD6608782D}
	EndGlobalSection
EndGlobal
